
Microsoft Visual Studio Solution File, Format Version 12.00
# Visual Studio Version 16
VisualStudioVersion = 16.0.29326.143
MinimumVisualStudioVersion = 10.0.40219.1
Project("{FAE04EC0-301F-11D3-BF4B-00C04F79EFBC}") = "Metodos_e_classes_abstratas", "ConsoleApp12\Metodos_e_classes_abstratas.csproj", "{2169863A-0690-4A96-A5E6-326F6DC6E9C9}"
EndProject
Global
	GlobalSection(SolutionConfigurationPlatforms) = preSolution
		Debug|Any CPU = Debug|Any CPU
		Release|Any CPU = Release|Any CPU
	EndGlobalSection
	GlobalSection(ProjectConfigurationPlatforms) = postSolution
		{2169863A-0690-4A96-A5E6-326F6DC6E9C9}.Debug|Any CPU.ActiveCfg = Debug|Any CPU
		{2169863A-0690-4A96-A5E6-326F6DC6E9C9}.Debug|Any CPU.Build.0 = Debug|Any CPU
		{2169863A-0690-4A96-A5E6-326F6DC6E9C9}.Release|Any CPU.ActiveCfg = Release|Any CPU
		{2169863A-0690-4A96-A5E6-326F6DC6E9C9}.Release|Any CPU.Build.0 = Release|Any CPU
	EndGlobalSection
	GlobalSection(SolutionProperties) = preSolution
		HideSolutionNode = FALSE
	EndGlobalSection
	GlobalSection(ExtensibilityGlobals) = postSolution
		SolutionGuid = {4A21E0FF-75E5-4952-AB2A-E7CB981A0D70}
	EndGlobalSection
EndGlobal
